// !$*UTF8*$!
{
	archiveVersion = 1;
	classes = {
	};
	objectVersion = 56;
	objects = {

/* Begin PBXBuildFile section */
		B582D05F299435D6009D822A /* StateExampleApp.swift in Sources */ = {isa = PBXBuildFile; fileRef = B582D05E299435D6009D822A /* StateExampleApp.swift */; };
		B582D061299435D6009D822A /* ContentView.swift in Sources */ = {isa = PBXBuildFile; fileRef = B582D060299435D6009D822A /* ContentView.swift */; };
		B582D063299435D6009D822A /* Assets.xcassets in Resources */ = {isa = PBXBuildFile; fileRef = B582D062299435D6009D822A /* Assets.xcassets */; };
		B582D066299435D7009D822A /* Preview Assets.xcassets in Resources */ = {isa = PBXBuildFile; fileRef = B582D065299435D7009D822A /* Preview Assets.xcassets */; };
		B582D07029943A0D009D822A /* YouTubePlayerKit in Frameworks */ = {isa = PBXBuildFile; productRef = B582D06F29943A0D009D822A /* YouTubePlayerKit */; };
		B582D07429943A26009D822A /* OrientationIssueView.swift in Sources */ = {isa = PBXBuildFile; fileRef = B582D07329943A26009D822A /* OrientationIssueView.swift */; };
		B582D07629943B00009D822A /* Page.swift in Sources */ = {isa = PBXBuildFile; fileRef = B582D07529943B00009D822A /* Page.swift */; };
		B582D07B29944016009D822A /* HappyPathView.swift in Sources */ = {isa = PBXBuildFile; fileRef = B582D07A29944016009D822A /* HappyPathView.swift */; };
		B582D07E299441F2009D822A /* PlayerView.swift in Sources */ = {isa = PBXBuildFile; fileRef = B582D07D299441F2009D822A /* PlayerView.swift */; };
		B582D081299442E8009D822A /* StateIssueView.swift in Sources */ = {isa = PBXBuildFile; fileRef = B582D080299442E8009D822A /* StateIssueView.swift */; };
		B582D0832994449E009D822A /* CounterView.swift in Sources */ = {isa = PBXBuildFile; fileRef = B582D0822994449E009D822A /* CounterView.swift */; };
		B582D088299448A9009D822A /* OrientationStateIssueView.swift in Sources */ = {isa = PBXBuildFile; fileRef = B582D087299448A9009D822A /* OrientationStateIssueView.swift */; };
		B582D08F29944B41009D822A /* SolutionView.swift in Sources */ = {isa = PBXBuildFile; fileRef = B582D08E29944B41009D822A /* SolutionView.swift */; };
/* End PBXBuildFile section */

/* Begin PBXFileReference section */
		B582D05B299435D6009D822A /* StateExample.app */ = {isa = PBXFileReference; explicitFileType = wrapper.application; includeInIndex = 0; path = StateExample.app; sourceTree = BUILT_PRODUCTS_DIR; };
		B582D05E299435D6009D822A /* StateExampleApp.swift */ = {isa = PBXFileReference; lastKnownFileType = sourcecode.swift; path = StateExampleApp.swift; sourceTree = "<group>"; };
		B582D060299435D6009D822A /* ContentView.swift */ = {isa = PBXFileReference; lastKnownFileType = sourcecode.swift; path = ContentView.swift; sourceTree = "<group>"; };
		B582D062299435D6009D822A /* Assets.xcassets */ = {isa = PBXFileReference; lastKnownFileType = folder.assetcatalog; path = Assets.xcassets; sourceTree = "<group>"; };
		B582D065299435D7009D822A /* Preview Assets.xcassets */ = {isa = PBXFileReference; lastKnownFileType = folder.assetcatalog; path = "Preview Assets.xcassets"; sourceTree = "<group>"; };
		B582D07329943A26009D822A /* OrientationIssueView.swift */ = {isa = PBXFileReference; lastKnownFileType = sourcecode.swift; path = OrientationIssueView.swift; sourceTree = "<group>"; };
		B582D07529943B00009D822A /* Page.swift */ = {isa = PBXFileReference; lastKnownFileType = sourcecode.swift; path = Page.swift; sourceTree = "<group>"; };
		B582D07A29944016009D822A /* HappyPathView.swift */ = {isa = PBXFileReference; lastKnownFileType = sourcecode.swift; path = HappyPathView.swift; sourceTree = "<group>"; };
		B582D07D299441F2009D822A /* PlayerView.swift */ = {isa = PBXFileReference; lastKnownFileType = sourcecode.swift; path = PlayerView.swift; sourceTree = "<group>"; };
		B582D080299442E8009D822A /* StateIssueView.swift */ = {isa = PBXFileReference; lastKnownFileType = sourcecode.swift; path = StateIssueView.swift; sourceTree = "<group>"; };
		B582D0822994449E009D822A /* CounterView.swift */ = {isa = PBXFileReference; lastKnownFileType = sourcecode.swift; path = CounterView.swift; sourceTree = "<group>"; };
		B582D087299448A9009D822A /* OrientationStateIssueView.swift */ = {isa = PBXFileReference; lastKnownFileType = sourcecode.swift; path = OrientationStateIssueView.swift; sourceTree = "<group>"; };
		B582D08E29944B41009D822A /* SolutionView.swift */ = {isa = PBXFileReference; lastKnownFileType = sourcecode.swift; path = SolutionView.swift; sourceTree = "<group>"; };
/* End PBXFileReference section */

/* Begin PBXFrameworksBuildPhase section */
		B582D058299435D6009D822A /* Frameworks */ = {
			isa = PBXFrameworksBuildPhase;
			buildActionMask = 2147483647;
			files = (
				B582D07029943A0D009D822A /* YouTubePlayerKit in Frameworks */,
			);
			runOnlyForDeploymentPostprocessing = 0;
		};
/* End PBXFrameworksBuildPhase section */

/* Begin PBXGroup section */
		B582D052299435D6009D822A = {
			isa = PBXGroup;
			children = (
				B582D05D299435D6009D822A /* StateExample */,
				B582D05C299435D6009D822A /* Products */,
			);
			sourceTree = "<group>";
		};
		B582D05C299435D6009D822A /* Products */ = {
			isa = PBXGroup;
			children = (
				B582D05B299435D6009D822A /* StateExample.app */,
			);
			name = Products;
			sourceTree = "<group>";
		};
		B582D05D299435D6009D822A /* StateExample */ = {
			isa = PBXGroup;
			children = (
				B582D08A29944A08009D822A /* Views */,
				B582D06C299439DE009D822A /* Pages */,
				B582D05E299435D6009D822A /* StateExampleApp.swift */,
				B582D060299435D6009D822A /* ContentView.swift */,
				B582D062299435D6009D822A /* Assets.xcassets */,
				B582D064299435D7009D822A /* Preview Content */,
			);
			path = StateExample;
			sourceTree = "<group>";
		};
		B582D064299435D7009D822A /* Preview Content */ = {
			isa = PBXGroup;
			children = (
				B582D065299435D7009D822A /* Preview Assets.xcassets */,
			);
			path = "Preview Content";
			sourceTree = "<group>";
		};
		B582D06C299439DE009D822A /* Pages */ = {
			isa = PBXGroup;
			children = (
				B582D07929943FE6009D822A /* Happy Path */,
				B582D06D299439E3009D822A /* Orientation Issue */,
				B582D07F299442A7009D822A /* StateIssue */,
				B582D08629944894009D822A /* OrientationStateIssue */,
				B582D08D29944B26009D822A /* Solution */,
				B582D07529943B00009D822A /* Page.swift */,
			);
			path = Pages;
			sourceTree = "<group>";
		};
		B582D06D299439E3009D822A /* Orientation Issue */ = {
			isa = PBXGroup;
			children = (
				B582D07329943A26009D822A /* OrientationIssueView.swift */,
			);
			path = "Orientation Issue";
			sourceTree = "<group>";
		};
		B582D07929943FE6009D822A /* Happy Path */ = {
			isa = PBXGroup;
			children = (
				B582D07A29944016009D822A /* HappyPathView.swift */,
			);
			path = "Happy Path";
			sourceTree = "<group>";
		};
		B582D07C299441E8009D822A /* Player */ = {
			isa = PBXGroup;
			children = (
				B582D07D299441F2009D822A /* PlayerView.swift */,
			);
			path = Player;
			sourceTree = "<group>";
		};
		B582D07F299442A7009D822A /* StateIssue */ = {
			isa = PBXGroup;
			children = (
				B582D080299442E8009D822A /* StateIssueView.swift */,
			);
			path = StateIssue;
			sourceTree = "<group>";
		};
		B582D08629944894009D822A /* OrientationStateIssue */ = {
			isa = PBXGroup;
			children = (
				B582D087299448A9009D822A /* OrientationStateIssueView.swift */,
			);
			path = OrientationStateIssue;
			sourceTree = "<group>";
		};
		B582D089299449FD009D822A /* Counter */ = {
			isa = PBXGroup;
			children = (
				B582D0822994449E009D822A /* CounterView.swift */,
			);
			path = Counter;
			sourceTree = "<group>";
		};
		B582D08A29944A08009D822A /* Views */ = {
			isa = PBXGroup;
			children = (
				B582D089299449FD009D822A /* Counter */,
				B582D07C299441E8009D822A /* Player */,
			);
			path = Views;
			sourceTree = "<group>";
		};
		B582D08D29944B26009D822A /* Solution */ = {
			isa = PBXGroup;
			children = (
				B582D08E29944B41009D822A /* SolutionView.swift */,
			);
			path = Solution;
			sourceTree = "<group>";
		};
/* End PBXGroup section */

/* Begin PBXNativeTarget section */
		B582D05A299435D6009D822A /* StateExample */ = {
			isa = PBXNativeTarget;
			buildConfigurationList = B582D069299435D7009D822A /* Build configuration list for PBXNativeTarget "StateExample" */;
			buildPhases = (
				B582D057299435D6009D822A /* Sources */,
				B582D058299435D6009D822A /* Frameworks */,
				B582D059299435D6009D822A /* Resources */,
			);
			buildRules = (
			);
			dependencies = (
			);
			name = StateExample;
			packageProductDependencies = (
				B582D06F29943A0D009D822A /* YouTubePlayerKit */,
			);
			productName = StateExample;
			productReference = B582D05B299435D6009D822A /* StateExample.app */;
			productType = "com.apple.product-type.application";
		};
/* End PBXNativeTarget section */

/* Begin PBXProject section */
		B582D053299435D6009D822A /* Project object */ = {
			isa = PBXProject;
			attributes = {
				BuildIndependentTargetsInParallel = 1;
				LastSwiftUpdateCheck = 1420;
				LastUpgradeCheck = 1420;
				TargetAttributes = {
					B582D05A299435D6009D822A = {
						CreatedOnToolsVersion = 14.2;
					};
				};
			};
			buildConfigurationList = B582D056299435D6009D822A /* Build configuration list for PBXProject "StateExample" */;
			compatibilityVersion = "Xcode 14.0";
			developmentRegion = en;
			hasScannedForEncodings = 0;
			knownRegions = (
				en,
				Base,
			);
			mainGroup = B582D052299435D6009D822A;
			packageReferences = (
				B582D06E29943A0D009D822A /* XCRemoteSwiftPackageReference "YouTubePlayerKit" */,
			);
			productRefGroup = B582D05C299435D6009D822A /* Products */;
			projectDirPath = "";
			projectRoot = "";
			targets = (
				B582D05A299435D6009D822A /* StateExample */,
			);
		};
/* End PBXProject section */

/* Begin PBXResourcesBuildPhase section */
		B582D059299435D6009D822A /* Resources */ = {
			isa = PBXResourcesBuildPhase;
			buildActionMask = 2147483647;
			files = (
				B582D066299435D7009D822A /* Preview Assets.xcassets in Resources */,
				B582D063299435D6009D822A /* Assets.xcassets in Resources */,
			);
			runOnlyForDeploymentPostprocessing = 0;
		};
/* End PBXResourcesBuildPhase section */

/* Begin PBXSourcesBuildPhase section */
		B582D057299435D6009D822A /* Sources */ = {
			isa = PBXSourcesBuildPhase;
			buildActionMask = 2147483647;
			files = (
				B582D061299435D6009D822A /* ContentView.swift in Sources */,
				B582D07E299441F2009D822A /* PlayerView.swift in Sources */,
				B582D05F299435D6009D822A /* StateExampleApp.swift in Sources */,
				B582D081299442E8009D822A /* StateIssueView.swift in Sources */,
				B582D07629943B00009D822A /* Page.swift in Sources */,
				B582D08F29944B41009D822A /* SolutionView.swift in Sources */,
				B582D07B29944016009D822A /* HappyPathView.swift in Sources */,
				B582D07429943A26009D822A /* OrientationIssueView.swift in Sources */,
				B582D088299448A9009D822A /* OrientationStateIssueView.swift in Sources */,
				B582D0832994449E009D822A /* CounterView.swift in Sources */,
			);
			runOnlyForDeploymentPostprocessing = 0;
		};
/* End PBXSourcesBuildPhase section */

/* Begin XCBuildConfiguration section */
		B582D067299435D7009D822A /* Debug */ = {
			isa = XCBuildConfiguration;
			buildSettings = {
				ALWAYS_SEARCH_USER_PATHS = NO;
				CLANG_ANALYZER_NONNULL = YES;
				CLANG_ANALYZER_NUMBER_OBJECT_CONVERSION = YES_AGGRESSIVE;
				CLANG_CXX_LANGUAGE_STANDARD = "gnu++20";
				CLANG_ENABLE_MODULES = YES;
				CLANG_ENABLE_OBJC_ARC = YES;
				CLANG_ENABLE_OBJC_WEAK = YES;
				CLANG_WARN_BLOCK_CAPTURE_AUTORELEASING = YES;
				CLANG_WARN_BOOL_CONVERSION = YES;
				CLANG_WARN_COMMA = YES;
				CLANG_WARN_CONSTANT_CONVERSION = YES;
				CLANG_WARN_DEPRECATED_OBJC_IMPLEMENTATIONS = YES;
				CLANG_WARN_DIRECT_OBJC_ISA_USAGE = YES_ERROR;
				CLANG_WARN_DOCUMENTATION_COMMENTS = YES;
				CLANG_WARN_EMPTY_BODY = YES;
				CLANG_WARN_ENUM_CONVERSION = YES;
				CLANG_WARN_INFINITE_RECURSION = YES;
				CLANG_WARN_INT_CONVERSION = YES;
				CLANG_WARN_NON_LITERAL_NULL_CONVERSION = YES;
				CLANG_WARN_OBJC_IMPLICIT_RETAIN_SELF = YES;
				CLANG_WARN_OBJC_LITERAL_CONVERSION = YES;
				CLANG_WARN_OBJC_ROOT_CLASS = YES_ERROR;
				CLANG_WARN_QUOTED_INCLUDE_IN_FRAMEWORK_HEADER = YES;
				CLANG_WARN_RANGE_LOOP_ANALYSIS = YES;
				CLANG_WARN_STRICT_PROTOTYPES = YES;
				CLANG_WARN_SUSPICIOUS_MOVE = YES;
				CLANG_WARN_UNGUARDED_AVAILABILITY = YES_AGGRESSIVE;
				CLANG_WARN_UNREACHABLE_CODE = YES;
				CLANG_WARN__DUPLICATE_METHOD_MATCH = YES;
				COPY_PHASE_STRIP = NO;
				DEBUG_INFORMATION_FORMAT = dwarf;
				ENABLE_STRICT_OBJC_MSGSEND = YES;
				ENABLE_TESTABILITY = YES;
				GCC_C_LANGUAGE_STANDARD = gnu11;
				GCC_DYNAMIC_NO_PIC = NO;
				GCC_NO_COMMON_BLOCKS = YES;
				GCC_OPTIMIZATION_LEVEL = 0;
				GCC_PREPROCESSOR_DEFINITIONS = (
					"DEBUG=1",
					"$(inherited)",
				);
				GCC_WARN_64_TO_32_BIT_CONVERSION = YES;
				GCC_WARN_ABOUT_RETURN_TYPE = YES_ERROR;
				GCC_WARN_UNDECLARED_SELECTOR = YES;
				GCC_WARN_UNINITIALIZED_AUTOS = YES_AGGRESSIVE;
				GCC_WARN_UNUSED_FUNCTION = YES;
				GCC_WARN_UNUSED_VARIABLE = YES;
				IPHONEOS_DEPLOYMENT_TARGET = 16.2;
				MTL_ENABLE_DEBUG_INFO = INCLUDE_SOURCE;
				MTL_FAST_MATH = YES;
				ONLY_ACTIVE_ARCH = YES;
				SDKROOT = iphoneos;
				SWIFT_ACTIVE_COMPILATION_CONDITIONS = DEBUG;
				SWIFT_OPTIMIZATION_LEVEL = "-Onone";
			};
			name = Debug;
		};
		B582D068299435D7009D822A /* Release */ = {
			isa = XCBuildConfiguration;
			buildSettings = {
				ALWAYS_SEARCH_USER_PATHS = NO;
				CLANG_ANALYZER_NONNULL = YES;
				CLANG_ANALYZER_NUMBER_OBJECT_CONVERSION = YES_AGGRESSIVE;
				CLANG_CXX_LANGUAGE_STANDARD = "gnu++20";
				CLANG_ENABLE_MODULES = YES;
				CLANG_ENABLE_OBJC_ARC = YES;
				CLANG_ENABLE_OBJC_WEAK = YES;
				CLANG_WARN_BLOCK_CAPTURE_AUTORELEASING = YES;
				CLANG_WARN_BOOL_CONVERSION = YES;
				CLANG_WARN_COMMA = YES;
				CLANG_WARN_CONSTANT_CONVERSION = YES;
				CLANG_WARN_DEPRECATED_OBJC_IMPLEMENTATIONS = YES;
				CLANG_WARN_DIRECT_OBJC_ISA_USAGE = YES_ERROR;
				CLANG_WARN_DOCUMENTATION_COMMENTS = YES;
				CLANG_WARN_EMPTY_BODY = YES;
				CLANG_WARN_ENUM_CONVERSION = YES;
				CLANG_WARN_INFINITE_RECURSION = YES;
				CLANG_WARN_INT_CONVERSION = YES;
				CLANG_WARN_NON_LITERAL_NULL_CONVERSION = YES;
				CLANG_WARN_OBJC_IMPLICIT_RETAIN_SELF = YES;
				CLANG_WARN_OBJC_LITERAL_CONVERSION = YES;
				CLANG_WARN_OBJC_ROOT_CLASS = YES_ERROR;
				CLANG_WARN_QUOTED_INCLUDE_IN_FRAMEWORK_HEADER = YES;
				CLANG_WARN_RANGE_LOOP_ANALYSIS = YES;
				CLANG_WARN_STRICT_PROTOTYPES = YES;
				CLANG_WARN_SUSPICIOUS_MOVE = YES;
				CLANG_WARN_UNGUARDED_AVAILABILITY = YES_AGGRESSIVE;
				CLANG_WARN_UNREACHABLE_CODE = YES;
				CLANG_WARN__DUPLICATE_METHOD_MATCH = YES;
				COPY_PHASE_STRIP = NO;
				DEBUG_INFORMATION_FORMAT = "dwarf-with-dsym";
				ENABLE_NS_ASSERTIONS = NO;
				ENABLE_STRICT_OBJC_MSGSEND = YES;
				GCC_C_LANGUAGE_STANDARD = gnu11;
				GCC_NO_COMMON_BLOCKS = YES;
				GCC_WARN_64_TO_32_BIT_CONVERSION = YES;
				GCC_WARN_ABOUT_RETURN_TYPE = YES_ERROR;
				GCC_WARN_UNDECLARED_SELECTOR = YES;
				GCC_WARN_UNINITIALIZED_AUTOS = YES_AGGRESSIVE;
				GCC_WARN_UNUSED_FUNCTION = YES;
				GCC_WARN_UNUSED_VARIABLE = YES;
				IPHONEOS_DEPLOYMENT_TARGET = 16.2;
				MTL_ENABLE_DEBUG_INFO = NO;
				MTL_FAST_MATH = YES;
				SDKROOT = iphoneos;
				SWIFT_COMPILATION_MODE = wholemodule;
				SWIFT_OPTIMIZATION_LEVEL = "-O";
				VALIDATE_PRODUCT = YES;
			};
			name = Release;
		};
		B582D06A299435D7009D822A /* Debug */ = {
			isa = XCBuildConfiguration;
			buildSettings = {
				ASSETCATALOG_COMPILER_APPICON_NAME = AppIcon;
				ASSETCATALOG_COMPILER_GLOBAL_ACCENT_COLOR_NAME = AccentColor;
				CODE_SIGN_STYLE = Automatic;
				CURRENT_PROJECT_VERSION = 1;
				DEVELOPMENT_ASSET_PATHS = "\"StateExample/Preview Content\"";
				DEVELOPMENT_TEAM = 58T6TX6SP7;
				ENABLE_PREVIEWS = YES;
				GENERATE_INFOPLIST_FILE = YES;
				INFOPLIST_KEY_UIApplicationSceneManifest_Generation = YES;
				INFOPLIST_KEY_UIApplicationSupportsIndirectInputEvents = YES;
				INFOPLIST_KEY_UILaunchScreen_Generation = YES;
				INFOPLIST_KEY_UISupportedInterfaceOrientations_iPad = "UIInterfaceOrientationPortrait UIInterfaceOrientationPortraitUpsideDown UIInterfaceOrientationLandscapeLeft UIInterfaceOrientationLandscapeRight";
				INFOPLIST_KEY_UISupportedInterfaceOrientations_iPhone = "UIInterfaceOrientationPortrait UIInterfaceOrientationLandscapeLeft UIInterfaceOrientationLandscapeRight";
				LD_RUNPATH_SEARCH_PATHS = (
					"$(inherited)",
					"@executable_path/Frameworks",
				);
				MARKETING_VERSION = 1.0;
				PRODUCT_BUNDLE_IDENTIFIER = nl.tacx.StateExample;
				PRODUCT_NAME = "$(TARGET_NAME)";
				SWIFT_EMIT_LOC_STRINGS = YES;
				SWIFT_VERSION = 5.0;
				TARGETED_DEVICE_FAMILY = "1,2";
			};
			name = Debug;
		};
		B582D06B299435D7009D822A /* Release */ = {
			isa = XCBuildConfiguration;
			buildSettings = {
				ASSETCATALOG_COMPILER_APPICON_NAME = AppIcon;
				ASSETCATALOG_COMPILER_GLOBAL_ACCENT_COLOR_NAME = AccentColor;
				CODE_SIGN_STYLE = Automatic;
				CURRENT_PROJECT_VERSION = 1;
				DEVELOPMENT_ASSET_PATHS = "\"StateExample/Preview Content\"";
				DEVELOPMENT_TEAM = 58T6TX6SP7;
				ENABLE_PREVIEWS = YES;
				GENERATE_INFOPLIST_FILE = YES;
				INFOPLIST_KEY_UIApplicationSceneManifest_Generation = YES;
				INFOPLIST_KEY_UIApplicationSupportsIndirectInputEvents = YES;
				INFOPLIST_KEY_UILaunchScreen_Generation = YES;
				INFOPLIST_KEY_UISupportedInterfaceOrientations_iPad = "UIInterfaceOrientationPortrait UIInterfaceOrientationPortraitUpsideDown UIInterfaceOrientationLandscapeLeft UIInterfaceOrientationLandscapeRight";
				INFOPLIST_KEY_UISupportedInterfaceOrientations_iPhone = "UIInterfaceOrientationPortrait UIInterfaceOrientationLandscapeLeft UIInterfaceOrientationLandscapeRight";
				LD_RUNPATH_SEARCH_PATHS = (
					"$(inherited)",
					"@executable_path/Frameworks",
				);
				MARKETING_VERSION = 1.0;
				PRODUCT_BUNDLE_IDENTIFIER = nl.tacx.StateExample;
				PRODUCT_NAME = "$(TARGET_NAME)";
				SWIFT_EMIT_LOC_STRINGS = YES;
				SWIFT_VERSION = 5.0;
				TARGETED_DEVICE_FAMILY = "1,2";
			};
			name = Release;
		};
/* End XCBuildConfiguration section */

/* Begin XCConfigurationList section */
		B582D056299435D6009D822A /* Build configuration list for PBXProject "StateExample" */ = {
			isa = XCConfigurationList;
			buildConfigurations = (
				B582D067299435D7009D822A /* Debug */,
				B582D068299435D7009D822A /* Release */,
			);
			defaultConfigurationIsVisible = 0;
			defaultConfigurationName = Release;
		};
		B582D069299435D7009D822A /* Build configuration list for PBXNativeTarget "StateExample" */ = {
			isa = XCConfigurationList;
			buildConfigurations = (
				B582D06A299435D7009D822A /* Debug */,
				B582D06B299435D7009D822A /* Release */,
			);
			defaultConfigurationIsVisible = 0;
			defaultConfigurationName = Release;
		};
/* End XCConfigurationList section */

/* Begin XCRemoteSwiftPackageReference section */
		B582D06E29943A0D009D822A /* XCRemoteSwiftPackageReference "YouTubePlayerKit" */ = {
			isa = XCRemoteSwiftPackageReference;
			repositoryURL = "https://github.com/SvenTiigi/YouTubePlayerKit";
			requirement = {
				kind = upToNextMajorVersion;
				minimumVersion = 1.0.0;
			};
		};
/* End XCRemoteSwiftPackageReference section */

/* Begin XCSwiftPackageProductDependency section */
		B582D06F29943A0D009D822A /* YouTubePlayerKit */ = {
			isa = XCSwiftPackageProductDependency;
			package = B582D06E29943A0D009D822A /* XCRemoteSwiftPackageReference "YouTubePlayerKit" */;
			productName = YouTubePlayerKit;
		};
/* End XCSwiftPackageProductDependency section */
	};
	rootObject = B582D053299435D6009D822A /* Project object */;
}
